
Microsoft Visual Studio Solution File, Format Version 12.00
# Visual Studio Version 17
VisualStudioVersion = 17.3.32901.215
MinimumVisualStudioVersion = 10.0.40219.1
Project("{FAE04EC0-301F-11D3-BF4B-00C04F79EFBC}") = "Eval_Q9", "Eval_Q9\Eval_Q9.csproj", "{854EA1F8-8FBC-4A57-896C-8483E44FE988}"
EndProject
Global
	GlobalSection(SolutionConfigurationPlatforms) = preSolution
		Debug|Any CPU = Debug|Any CPU
		Release|Any CPU = Release|Any CPU
	EndGlobalSection
	GlobalSection(ProjectConfigurationPlatforms) = postSolution
		{854EA1F8-8FBC-4A57-896C-8483E44FE988}.Debug|Any CPU.ActiveCfg = Debug|Any CPU
		{854EA1F8-8FBC-4A57-896C-8483E44FE988}.Debug|Any CPU.Build.0 = Debug|Any CPU
		{854EA1F8-8FBC-4A57-896C-8483E44FE988}.Release|Any CPU.ActiveCfg = Release|Any CPU
		{854EA1F8-8FBC-4A57-896C-8483E44FE988}.Release|Any CPU.Build.0 = Release|Any CPU
	EndGlobalSection
	GlobalSection(SolutionProperties) = preSolution
		HideSolutionNode = FALSE
	EndGlobalSection
	GlobalSection(ExtensibilityGlobals) = postSolution
		SolutionGuid = {19EC03E3-43BB-4BFA-987B-C5838EA974C8}
	EndGlobalSection
EndGlobal
